
Microsoft Visual Studio Solution File, Format Version 12.00
# Visual Studio 14
VisualStudioVersion = 14.0.25420.1
MinimumVisualStudioVersion = 10.0.40219.1
Project("{FAE04EC0-301F-11D3-BF4B-00C04F79EFBC}") = "EncryptPWDs", "WebApplication5\EncryptPWDs.csproj", "{8A0EF1D9-DAC7-4D83-B29C-C771677E95A8}"
EndProject
Global
	GlobalSection(SolutionConfigurationPlatforms) = preSolution
		Debug|Any CPU = Debug|Any CPU
		Release|Any CPU = Release|Any CPU
	EndGlobalSection
	GlobalSection(ProjectConfigurationPlatforms) = postSolution
		{8A0EF1D9-DAC7-4D83-B29C-C771677E95A8}.Debug|Any CPU.ActiveCfg = Debug|Any CPU
		{8A0EF1D9-DAC7-4D83-B29C-C771677E95A8}.Debug|Any CPU.Build.0 = Debug|Any CPU
		{8A0EF1D9-DAC7-4D83-B29C-C771677E95A8}.Release|Any CPU.ActiveCfg = Release|Any CPU
		{8A0EF1D9-DAC7-4D83-B29C-C771677E95A8}.Release|Any CPU.Build.0 = Release|Any CPU
	EndGlobalSection
	GlobalSection(SolutionProperties) = preSolution
		HideSolutionNode = FALSE
	EndGlobalSection
EndGlobal
